
Microsoft Visual Studio Solution File, Format Version 12.00
# Visual Studio 14
VisualStudioVersion = 14.0.24720.0
MinimumVisualStudioVersion = 10.0.40219.1
Project("{FAE04EC0-301F-11D3-BF4B-00C04F79EFBC}") = "TestApp", "TestApp\TestApp.csproj", "{0709C2B1-CA83-4E13-826A-7AD983692BD9}"
EndProject
Project("{FAE04EC0-301F-11D3-BF4B-00C04F79EFBC}") = "Retry", "Retry\Retry.csproj", "{374292EE-C9B1-480A-B2BA-A8B56EFBDAF6}"
EndProject
Project("{FAE04EC0-301F-11D3-BF4B-00C04F79EFBC}") = "Retry.Tests", "Retry.Tests\Retry.Tests.csproj", "{5EA8733D-4A30-44C2-B71E-1B1617167EA1}"
EndProject
Global
	GlobalSection(SolutionConfigurationPlatforms) = preSolution
		Debug|Any CPU = Debug|Any CPU
		Release|Any CPU = Release|Any CPU
	EndGlobalSection
	GlobalSection(ProjectConfigurationPlatforms) = postSolution
		{0709C2B1-CA83-4E13-826A-7AD983692BD9}.Debug|Any CPU.ActiveCfg = Debug|Any CPU
		{0709C2B1-CA83-4E13-826A-7AD983692BD9}.Debug|Any CPU.Build.0 = Debug|Any CPU
		{0709C2B1-CA83-4E13-826A-7AD983692BD9}.Release|Any CPU.ActiveCfg = Release|Any CPU
		{0709C2B1-CA83-4E13-826A-7AD983692BD9}.Release|Any CPU.Build.0 = Release|Any CPU
		{374292EE-C9B1-480A-B2BA-A8B56EFBDAF6}.Debug|Any CPU.ActiveCfg = Debug|Any CPU
		{374292EE-C9B1-480A-B2BA-A8B56EFBDAF6}.Debug|Any CPU.Build.0 = Debug|Any CPU
		{374292EE-C9B1-480A-B2BA-A8B56EFBDAF6}.Release|Any CPU.ActiveCfg = Release|Any CPU
		{374292EE-C9B1-480A-B2BA-A8B56EFBDAF6}.Release|Any CPU.Build.0 = Release|Any CPU
		{5EA8733D-4A30-44C2-B71E-1B1617167EA1}.Debug|Any CPU.ActiveCfg = Debug|Any CPU
		{5EA8733D-4A30-44C2-B71E-1B1617167EA1}.Debug|Any CPU.Build.0 = Debug|Any CPU
		{5EA8733D-4A30-44C2-B71E-1B1617167EA1}.Release|Any CPU.ActiveCfg = Release|Any CPU
		{5EA8733D-4A30-44C2-B71E-1B1617167EA1}.Release|Any CPU.Build.0 = Release|Any CPU
	EndGlobalSection
	GlobalSection(SolutionProperties) = preSolution
		HideSolutionNode = FALSE
	EndGlobalSection
EndGlobal
